
Microsoft Visual Studio Solution File, Format Version 12.00
# Visual Studio 15
Project("{FAE04EC0-301F-11D3-BF4B-00C04F79EFBC}") = "EmployeeProject", "EmployeeProject\EmployeeProject.csproj", "{A1E8F94D-462A-47C1-9760-B51486B22F26}"
EndProject
Global
	GlobalSection(SolutionConfigurationPlatforms) = preSolution
		Debug|anycpu = Debug|anycpu
		Release|anycpu = Release|anycpu
	EndGlobalSection
	GlobalSection(ProjectConfigurationPlatforms) = postSolution
		{A1E8F94D-462A-47C1-9760-B51486B22F26}.Debug|anycpu.ActiveCfg = Debug|anycpu
		{A1E8F94D-462A-47C1-9760-B51486B22F26}.Debug|anycpu.Build.0 = Debug|anycpu
		{A1E8F94D-462A-47C1-9760-B51486B22F26}.Release|anycpu.ActiveCfg = Release|anycpu
		{A1E8F94D-462A-47C1-9760-B51486B22F26}.Release|anycpu.Build.0 = Release|anycpu
	EndGlobalSection
EndGlobal
